
Microsoft Visual Studio Solution File, Format Version 12.00
# Visual Studio Version 17
VisualStudioVersion = 17.14.36429.23
MinimumVisualStudioVersion = 10.0.40219.1
Project("{FAE04EC0-301F-11D3-BF4B-00C04F79EFBC}") = "Tyuiu.DevyatovEV.Sprint2.Task0.V13", "Tyuiu.DevyatovEV.Sprint2.Task0.V13\Tyuiu.DevyatovEV.Sprint2.Task0.V13.csproj", "{42DC2ADB-4751-4EB4-A291-448BB047E542}"
EndProject
Project("{FAE04EC0-301F-11D3-BF4B-00C04F79EFBC}") = "Tyuiu.DevyatovEV.Sprint2.Task0.V13.Lib", "Tyuiu.DevyatovEV.Sprint2.Task0.V13.Lib\Tyuiu.DevyatovEV.Sprint2.Task0.V13.Lib.csproj", "{41E231BB-6EC0-4C30-8984-7511781AE384}"
EndProject
Project("{FAE04EC0-301F-11D3-BF4B-00C04F79EFBC}") = "Tyuiu.DevyatovEV.Sprint2.Task0.V13.Test", "Tyuiu.DevyatovEV.Sprint2.Task0.V13.Test\Tyuiu.DevyatovEV.Sprint2.Task0.V13.Test.csproj", "{8DE75B90-1B13-4C40-A537-B776F95F56EC}"
EndProject
Project("{2150E333-8FDC-42A3-9474-1A3956D46DE8}") = "Task0", "Task0", "{02EA681E-C7D8-13C7-8484-4AC65E1B71E8}"
EndProject
Project("{2150E333-8FDC-42A3-9474-1A3956D46DE8}") = "Task1", "Task1", "{A043C35B-A46A-4306-BE57-FEA856B3D286}"
EndProject
Project("{FAE04EC0-301F-11D3-BF4B-00C04F79EFBC}") = "Tyuiu.DevyatovEV.Sprint2.Task1.V17", "Tyuiu.DevyatovEV.Sprint2.Task1.V17\Tyuiu.DevyatovEV.Sprint2.Task1.V17.csproj", "{A52F2C22-8A9F-436D-8408-F59F250E7C23}"
EndProject
Project("{FAE04EC0-301F-11D3-BF4B-00C04F79EFBC}") = "Tyuiu.DevyatovEV.Sprint2.Task1.V17.Test", "Tyuiu.DevyatovEV.Sprint2.Task1.V17.Test\Tyuiu.DevyatovEV.Sprint2.Task1.V17.Test.csproj", "{7034294A-821E-4679-9BCA-23D872427589}"
EndProject
Project("{FAE04EC0-301F-11D3-BF4B-00C04F79EFBC}") = "Tyuiu.DevyatovEV.Sprint2.Task1.V17.Lib", "Tyuiu.DevyatovEV.Sprint2.Task1.V17.Lib\Tyuiu.DevyatovEV.Sprint2.Task1.V17.Lib.csproj", "{0BDC3216-8A70-4C49-A99B-F404335A1936}"
EndProject
Project("{2150E333-8FDC-42A3-9474-1A3956D46DE8}") = "Task2", "Task2", "{A7174AE6-204A-4430-9ED9-10E5A24A355F}"
EndProject
Project("{FAE04EC0-301F-11D3-BF4B-00C04F79EFBC}") = "Tyuiu.DevyatovEV.Sprint2.Task2.V4", "Tyuiu.DevyatovEV.Sprint2.Task2.V4\Tyuiu.DevyatovEV.Sprint2.Task2.V4.csproj", "{696E3AC7-D9BA-4105-9D33-8C68173459E9}"
EndProject
Project("{FAE04EC0-301F-11D3-BF4B-00C04F79EFBC}") = "Tyuiu.DevyatovEV.Sprint2.Task2.V4.Lib", "Tyuiu.DevyatovEV.Sprint2.Task2.V4.Lib\Tyuiu.DevyatovEV.Sprint2.Task2.V4.Lib.csproj", "{3DA47971-DF62-43F1-9206-8279E9CEA4AD}"
EndProject
Project("{FAE04EC0-301F-11D3-BF4B-00C04F79EFBC}") = "Tyuiu.DevyatovEV.Sprint2.Task2.V4.Test", "Tyuiu.DevyatovEV.Sprint2.Task2.V4.Test\Tyuiu.DevyatovEV.Sprint2.Task2.V4.Test.csproj", "{A028F94B-98D3-4692-954C-608746A18D3D}"
EndProject
Project("{2150E333-8FDC-42A3-9474-1A3956D46DE8}") = "Task3", "Task3", "{F0FCCEBA-0615-49C8-B0E8-3CDB2A98F671}"
EndProject
Project("{FAE04EC0-301F-11D3-BF4B-00C04F79EFBC}") = "Tyuiu.DevyatovEV.Sprint2.Task3.V1", "Tyuiu.DevyatovEV.Sprint2.Task3.V1\Tyuiu.DevyatovEV.Sprint2.Task3.V1.csproj", "{0A513C73-AC69-442B-A8B3-B975093223F0}"
EndProject
Project("{FAE04EC0-301F-11D3-BF4B-00C04F79EFBC}") = "Tyuiu.DevyatovEV.Sprint2.Task3.V1.Lib", "Tyuiu.DevyatovEV.Sprint2.Task3.V1.Lib\Tyuiu.DevyatovEV.Sprint2.Task3.V1.Lib.csproj", "{5626B30E-7D2A-4BC0-BB73-7DAFF1B7DBDC}"
EndProject
Project("{FAE04EC0-301F-11D3-BF4B-00C04F79EFBC}") = "Tyuiu.DevyatovEV.Sprint2.Task3.V1.Test", "Tyuiu.DevyatovEV.Sprint2.Task3.V1.Test\Tyuiu.DevyatovEV.Sprint2.Task3.V1.Test.csproj", "{114E5210-CF5A-4A0A-AC47-A47AA6006AAB}"
EndProject
Project("{2150E333-8FDC-42A3-9474-1A3956D46DE8}") = "Task4", "Task4", "{6041F9F8-32E4-473A-80CD-BD0B426D665E}"
EndProject
Project("{FAE04EC0-301F-11D3-BF4B-00C04F79EFBC}") = "Tyuiu.DevyatovEV.Sprint2.Task4.V20", "Tyuiu.DevyatovEV.Sprint2.Task4.V20\Tyuiu.DevyatovEV.Sprint2.Task4.V20.csproj", "{57C0F6CD-3D2D-42CF-8DF5-8F847072675C}"
EndProject
Project("{FAE04EC0-301F-11D3-BF4B-00C04F79EFBC}") = "Tyuiu.DevyatovEV.Sprint2.Task4.V20.Test", "Tyuiu.DevyatovEV.Sprint2.Task4.V20.Test\Tyuiu.DevyatovEV.Sprint2.Task4.V20.Test.csproj", "{92609142-CD7D-4243-8226-09CAA8DA4BF9}"
EndProject
Project("{FAE04EC0-301F-11D3-BF4B-00C04F79EFBC}") = "Tyuiu.DevyatovEV.Sprint2.Task4.V20.Lib", "Tyuiu.DevyatovEV.Sprint2.Task4.V20.Lib\Tyuiu.DevyatovEV.Sprint2.Task4.V20.Lib.csproj", "{6C28E17E-68F0-4337-A31C-278813F1FBA1}"
EndProject
Project("{2150E333-8FDC-42A3-9474-1A3956D46DE8}") = "Task5", "Task5", "{EB9E6053-ACAF-453B-BA78-13259D304464}"
EndProject
Project("{FAE04EC0-301F-11D3-BF4B-00C04F79EFBC}") = "Tyuiu.DevyatovEV.Sprint2.Task5.V13", "Tyuiu.DevyatovEV.Sprint2.Task5.V13\Tyuiu.DevyatovEV.Sprint2.Task5.V13.csproj", "{86606017-686E-4737-BC76-CE2EA448E58D}"
EndProject
Project("{FAE04EC0-301F-11D3-BF4B-00C04F79EFBC}") = "Tyuiu.DevyatovEV.Sprint2.Task5.V13.Lib", "Tyuiu.DevyatovEV.Sprint2.Task5.V13.Lib\Tyuiu.DevyatovEV.Sprint2.Task5.V13.Lib.csproj", "{915F9A73-A6BE-4368-BCA8-53D0817A737D}"
EndProject
Project("{FAE04EC0-301F-11D3-BF4B-00C04F79EFBC}") = "Tyuiu.DevyatovEV.Sprint2.Task5.V13.Test", "Tyuiu.DevyatovEV.Sprint2.Task5.V13.Test\Tyuiu.DevyatovEV.Sprint2.Task5.V13.Test.csproj", "{C6AF5B1A-E3BA-442A-9793-BCF334FB0A8F}"
EndProject
Project("{2150E333-8FDC-42A3-9474-1A3956D46DE8}") = "Task6", "Task6", "{3A6E0A59-6874-4AE1-A684-CD3424A7F86C}"
EndProject
Project("{FAE04EC0-301F-11D3-BF4B-00C04F79EFBC}") = "Tyuiu.DevyatovEV.Sprint2.Task6.V9", "Tyuiu.DevyatovEV.Sprint2.Task6.V9\Tyuiu.DevyatovEV.Sprint2.Task6.V9.csproj", "{EDA8C848-38CF-43D3-A7A9-112F086E0777}"
EndProject
Project("{FAE04EC0-301F-11D3-BF4B-00C04F79EFBC}") = "Tyuiu.DevyatovEV.Sprint2.Task6.V9.Test", "Tyuiu.DevyatovEV.Sprint2.Task6.V9.Test\Tyuiu.DevyatovEV.Sprint2.Task6.V9.Test.csproj", "{37B4E6B3-0F61-4419-8A4B-EC3CEA5F3998}"
EndProject
Project("{FAE04EC0-301F-11D3-BF4B-00C04F79EFBC}") = "Tyuiu.DevyatovEV.Sprint2.Task6.V9.Lib", "Tyuiu.DevyatovEV.Sprint2.Task6.V9.Lib\Tyuiu.DevyatovEV.Sprint2.Task6.V9.Lib.csproj", "{2FEFBEF4-70CB-4A72-B4C7-96585BA7E3A4}"
EndProject
Project("{2150E333-8FDC-42A3-9474-1A3956D46DE8}") = "Task7", "Task7", "{E7CCC803-53AA-4D67-A85B-2B1F29E377EA}"
EndProject
Project("{FAE04EC0-301F-11D3-BF4B-00C04F79EFBC}") = "Tyuiu.DevyatovEV.Sprint2.Task7.V14", "Tyuiu.DevyatovEV.Sprint2.Task7.V14\Tyuiu.DevyatovEV.Sprint2.Task7.V14.csproj", "{9B80FE5E-4312-4E80-A0E4-D26BAA358D84}"
EndProject
Project("{FAE04EC0-301F-11D3-BF4B-00C04F79EFBC}") = "Tyuiu.DevyatovEV.Sprint2.Task7.V14.Lib", "Tyuiu.DevyatovEV.Sprint2.Task7.V14.Lib\Tyuiu.DevyatovEV.Sprint2.Task7.V14.Lib.csproj", "{19C26373-FC1B-4623-8678-83BE4F0550B4}"
EndProject
Project("{FAE04EC0-301F-11D3-BF4B-00C04F79EFBC}") = "Tyuiu.DevyatovEV.Sprint2.Task7.V14.Test", "Tyuiu.DevyatovEV.Sprint2.Task7.V14.Test\Tyuiu.DevyatovEV.Sprint2.Task7.V14.Test.csproj", "{30247ACB-A06C-469B-8AE4-7B46A8FF6263}"
EndProject
Global
	GlobalSection(SolutionConfigurationPlatforms) = preSolution
		Debug|Any CPU = Debug|Any CPU
		Release|Any CPU = Release|Any CPU
	EndGlobalSection
	GlobalSection(ProjectConfigurationPlatforms) = postSolution
		{42DC2ADB-4751-4EB4-A291-448BB047E542}.Debug|Any CPU.ActiveCfg = Debug|Any CPU
		{42DC2ADB-4751-4EB4-A291-448BB047E542}.Debug|Any CPU.Build.0 = Debug|Any CPU
		{42DC2ADB-4751-4EB4-A291-448BB047E542}.Release|Any CPU.ActiveCfg = Release|Any CPU
		{42DC2ADB-4751-4EB4-A291-448BB047E542}.Release|Any CPU.Build.0 = Release|Any CPU
		{41E231BB-6EC0-4C30-8984-7511781AE384}.Debug|Any CPU.ActiveCfg = Debug|Any CPU
		{41E231BB-6EC0-4C30-8984-7511781AE384}.Debug|Any CPU.Build.0 = Debug|Any CPU
		{41E231BB-6EC0-4C30-8984-7511781AE384}.Release|Any CPU.ActiveCfg = Release|Any CPU
		{41E231BB-6EC0-4C30-8984-7511781AE384}.Release|Any CPU.Build.0 = Release|Any CPU
		{8DE75B90-1B13-4C40-A537-B776F95F56EC}.Debug|Any CPU.ActiveCfg = Debug|Any CPU
		{8DE75B90-1B13-4C40-A537-B776F95F56EC}.Debug|Any CPU.Build.0 = Debug|Any CPU
		{8DE75B90-1B13-4C40-A537-B776F95F56EC}.Release|Any CPU.ActiveCfg = Release|Any CPU
		{8DE75B90-1B13-4C40-A537-B776F95F56EC}.Release|Any CPU.Build.0 = Release|Any CPU
		{A52F2C22-8A9F-436D-8408-F59F250E7C23}.Debug|Any CPU.ActiveCfg = Debug|Any CPU
		{A52F2C22-8A9F-436D-8408-F59F250E7C23}.Debug|Any CPU.Build.0 = Debug|Any CPU
		{A52F2C22-8A9F-436D-8408-F59F250E7C23}.Release|Any CPU.ActiveCfg = Release|Any CPU
		{A52F2C22-8A9F-436D-8408-F59F250E7C23}.Release|Any CPU.Build.0 = Release|Any CPU
		{7034294A-821E-4679-9BCA-23D872427589}.Debug|Any CPU.ActiveCfg = Debug|Any CPU
		{7034294A-821E-4679-9BCA-23D872427589}.Debug|Any CPU.Build.0 = Debug|Any CPU
		{7034294A-821E-4679-9BCA-23D872427589}.Release|Any CPU.ActiveCfg = Release|Any CPU
		{7034294A-821E-4679-9BCA-23D872427589}.Release|Any CPU.Build.0 = Release|Any CPU
		{0BDC3216-8A70-4C49-A99B-F404335A1936}.Debug|Any CPU.ActiveCfg = Debug|Any CPU
		{0BDC3216-8A70-4C49-A99B-F404335A1936}.Debug|Any CPU.Build.0 = Debug|Any CPU
		{0BDC3216-8A70-4C49-A99B-F404335A1936}.Release|Any CPU.ActiveCfg = Release|Any CPU
		{0BDC3216-8A70-4C49-A99B-F404335A1936}.Release|Any CPU.Build.0 = Release|Any CPU
		{696E3AC7-D9BA-4105-9D33-8C68173459E9}.Debug|Any CPU.ActiveCfg = Debug|Any CPU
		{696E3AC7-D9BA-4105-9D33-8C68173459E9}.Debug|Any CPU.Build.0 = Debug|Any CPU
		{696E3AC7-D9BA-4105-9D33-8C68173459E9}.Release|Any CPU.ActiveCfg = Release|Any CPU
		{696E3AC7-D9BA-4105-9D33-8C68173459E9}.Release|Any CPU.Build.0 = Release|Any CPU
		{3DA47971-DF62-43F1-9206-8279E9CEA4AD}.Debug|Any CPU.ActiveCfg = Debug|Any CPU
		{3DA47971-DF62-43F1-9206-8279E9CEA4AD}.Debug|Any CPU.Build.0 = Debug|Any CPU
		{3DA47971-DF62-43F1-9206-8279E9CEA4AD}.Release|Any CPU.ActiveCfg = Release|Any CPU
		{3DA47971-DF62-43F1-9206-8279E9CEA4AD}.Release|Any CPU.Build.0 = Release|Any CPU
		{A028F94B-98D3-4692-954C-608746A18D3D}.Debug|Any CPU.ActiveCfg = Debug|Any CPU
		{A028F94B-98D3-4692-954C-608746A18D3D}.Debug|Any CPU.Build.0 = Debug|Any CPU
		{A028F94B-98D3-4692-954C-608746A18D3D}.Release|Any CPU.ActiveCfg = Release|Any CPU
		{A028F94B-98D3-4692-954C-608746A18D3D}.Release|Any CPU.Build.0 = Release|Any CPU
		{0A513C73-AC69-442B-A8B3-B975093223F0}.Debug|Any CPU.ActiveCfg = Debug|Any CPU
		{0A513C73-AC69-442B-A8B3-B975093223F0}.Debug|Any CPU.Build.0 = Debug|Any CPU
		{0A513C73-AC69-442B-A8B3-B975093223F0}.Release|Any CPU.ActiveCfg = Release|Any CPU
		{0A513C73-AC69-442B-A8B3-B975093223F0}.Release|Any CPU.Build.0 = Release|Any CPU
		{5626B30E-7D2A-4BC0-BB73-7DAFF1B7DBDC}.Debug|Any CPU.ActiveCfg = Debug|Any CPU
		{5626B30E-7D2A-4BC0-BB73-7DAFF1B7DBDC}.Debug|Any CPU.Build.0 = Debug|Any CPU
		{5626B30E-7D2A-4BC0-BB73-7DAFF1B7DBDC}.Release|Any CPU.ActiveCfg = Release|Any CPU
		{5626B30E-7D2A-4BC0-BB73-7DAFF1B7DBDC}.Release|Any CPU.Build.0 = Release|Any CPU
		{114E5210-CF5A-4A0A-AC47-A47AA6006AAB}.Debug|Any CPU.ActiveCfg = Debug|Any CPU
		{114E5210-CF5A-4A0A-AC47-A47AA6006AAB}.Debug|Any CPU.Build.0 = Debug|Any CPU
		{114E5210-CF5A-4A0A-AC47-A47AA6006AAB}.Release|Any CPU.ActiveCfg = Release|Any CPU
		{114E5210-CF5A-4A0A-AC47-A47AA6006AAB}.Release|Any CPU.Build.0 = Release|Any CPU
		{57C0F6CD-3D2D-42CF-8DF5-8F847072675C}.Debug|Any CPU.ActiveCfg = Debug|Any CPU
		{57C0F6CD-3D2D-42CF-8DF5-8F847072675C}.Debug|Any CPU.Build.0 = Debug|Any CPU
		{57C0F6CD-3D2D-42CF-8DF5-8F847072675C}.Release|Any CPU.ActiveCfg = Release|Any CPU
		{57C0F6CD-3D2D-42CF-8DF5-8F847072675C}.Release|Any CPU.Build.0 = Release|Any CPU
		{92609142-CD7D-4243-8226-09CAA8DA4BF9}.Debug|Any CPU.ActiveCfg = Debug|Any CPU
		{92609142-CD7D-4243-8226-09CAA8DA4BF9}.Debug|Any CPU.Build.0 = Debug|Any CPU
		{92609142-CD7D-4243-8226-09CAA8DA4BF9}.Release|Any CPU.ActiveCfg = Release|Any CPU
		{92609142-CD7D-4243-8226-09CAA8DA4BF9}.Release|Any CPU.Build.0 = Release|Any CPU
		{6C28E17E-68F0-4337-A31C-278813F1FBA1}.Debug|Any CPU.ActiveCfg = Debug|Any CPU
		{6C28E17E-68F0-4337-A31C-278813F1FBA1}.Debug|Any CPU.Build.0 = Debug|Any CPU
		{6C28E17E-68F0-4337-A31C-278813F1FBA1}.Release|Any CPU.ActiveCfg = Release|Any CPU
		{6C28E17E-68F0-4337-A31C-278813F1FBA1}.Release|Any CPU.Build.0 = Release|Any CPU
		{86606017-686E-4737-BC76-CE2EA448E58D}.Debug|Any CPU.ActiveCfg = Debug|Any CPU
		{86606017-686E-4737-BC76-CE2EA448E58D}.Debug|Any CPU.Build.0 = Debug|Any CPU
		{86606017-686E-4737-BC76-CE2EA448E58D}.Release|Any CPU.ActiveCfg = Release|Any CPU
		{86606017-686E-4737-BC76-CE2EA448E58D}.Release|Any CPU.Build.0 = Release|Any CPU
		{915F9A73-A6BE-4368-BCA8-53D0817A737D}.Debug|Any CPU.ActiveCfg = Debug|Any CPU
		{915F9A73-A6BE-4368-BCA8-53D0817A737D}.Debug|Any CPU.Build.0 = Debug|Any CPU
		{915F9A73-A6BE-4368-BCA8-53D0817A737D}.Release|Any CPU.ActiveCfg = Release|Any CPU
		{915F9A73-A6BE-4368-BCA8-53D0817A737D}.Release|Any CPU.Build.0 = Release|Any CPU
		{C6AF5B1A-E3BA-442A-9793-BCF334FB0A8F}.Debug|Any CPU.ActiveCfg = Debug|Any CPU
		{C6AF5B1A-E3BA-442A-9793-BCF334FB0A8F}.Debug|Any CPU.Build.0 = Debug|Any CPU
		{C6AF5B1A-E3BA-442A-9793-BCF334FB0A8F}.Release|Any CPU.ActiveCfg = Release|Any CPU
		{C6AF5B1A-E3BA-442A-9793-BCF334FB0A8F}.Release|Any CPU.Build.0 = Release|Any CPU
		{EDA8C848-38CF-43D3-A7A9-112F086E0777}.Debug|Any CPU.ActiveCfg = Debug|Any CPU
		{EDA8C848-38CF-43D3-A7A9-112F086E0777}.Debug|Any CPU.Build.0 = Debug|Any CPU
		{EDA8C848-38CF-43D3-A7A9-112F086E0777}.Release|Any CPU.ActiveCfg = Release|Any CPU
		{EDA8C848-38CF-43D3-A7A9-112F086E0777}.Release|Any CPU.Build.0 = Release|Any CPU
		{37B4E6B3-0F61-4419-8A4B-EC3CEA5F3998}.Debug|Any CPU.ActiveCfg = Debug|Any CPU
		{37B4E6B3-0F61-4419-8A4B-EC3CEA5F3998}.Debug|Any CPU.Build.0 = Debug|Any CPU
		{37B4E6B3-0F61-4419-8A4B-EC3CEA5F3998}.Release|Any CPU.ActiveCfg = Release|Any CPU
		{37B4E6B3-0F61-4419-8A4B-EC3CEA5F3998}.Release|Any CPU.Build.0 = Release|Any CPU
		{2FEFBEF4-70CB-4A72-B4C7-96585BA7E3A4}.Debug|Any CPU.ActiveCfg = Debug|Any CPU
		{2FEFBEF4-70CB-4A72-B4C7-96585BA7E3A4}.Debug|Any CPU.Build.0 = Debug|Any CPU
		{2FEFBEF4-70CB-4A72-B4C7-96585BA7E3A4}.Release|Any CPU.ActiveCfg = Release|Any CPU
		{2FEFBEF4-70CB-4A72-B4C7-96585BA7E3A4}.Release|Any CPU.Build.0 = Release|Any CPU
		{9B80FE5E-4312-4E80-A0E4-D26BAA358D84}.Debug|Any CPU.ActiveCfg = Debug|Any CPU
		{9B80FE5E-4312-4E80-A0E4-D26BAA358D84}.Debug|Any CPU.Build.0 = Debug|Any CPU
		{9B80FE5E-4312-4E80-A0E4-D26BAA358D84}.Release|Any CPU.ActiveCfg = Release|Any CPU
		{9B80FE5E-4312-4E80-A0E4-D26BAA358D84}.Release|Any CPU.Build.0 = Release|Any CPU
		{19C26373-FC1B-4623-8678-83BE4F0550B4}.Debug|Any CPU.ActiveCfg = Debug|Any CPU
		{19C26373-FC1B-4623-8678-83BE4F0550B4}.Debug|Any CPU.Build.0 = Debug|Any CPU
		{19C26373-FC1B-4623-8678-83BE4F0550B4}.Release|Any CPU.ActiveCfg = Release|Any CPU
		{19C26373-FC1B-4623-8678-83BE4F0550B4}.Release|Any CPU.Build.0 = Release|Any CPU
		{30247ACB-A06C-469B-8AE4-7B46A8FF6263}.Debug|Any CPU.ActiveCfg = Debug|Any CPU
		{30247ACB-A06C-469B-8AE4-7B46A8FF6263}.Debug|Any CPU.Build.0 = Debug|Any CPU
		{30247ACB-A06C-469B-8AE4-7B46A8FF6263}.Release|Any CPU.ActiveCfg = Release|Any CPU
		{30247ACB-A06C-469B-8AE4-7B46A8FF6263}.Release|Any CPU.Build.0 = Release|Any CPU
	EndGlobalSection
	GlobalSection(SolutionProperties) = preSolution
		HideSolutionNode = FALSE
	EndGlobalSection
	GlobalSection(NestedProjects) = preSolution
		{42DC2ADB-4751-4EB4-A291-448BB047E542} = {02EA681E-C7D8-13C7-8484-4AC65E1B71E8}
		{41E231BB-6EC0-4C30-8984-7511781AE384} = {02EA681E-C7D8-13C7-8484-4AC65E1B71E8}
		{8DE75B90-1B13-4C40-A537-B776F95F56EC} = {02EA681E-C7D8-13C7-8484-4AC65E1B71E8}
		{A52F2C22-8A9F-436D-8408-F59F250E7C23} = {A043C35B-A46A-4306-BE57-FEA856B3D286}
		{7034294A-821E-4679-9BCA-23D872427589} = {A043C35B-A46A-4306-BE57-FEA856B3D286}
		{0BDC3216-8A70-4C49-A99B-F404335A1936} = {A043C35B-A46A-4306-BE57-FEA856B3D286}
		{696E3AC7-D9BA-4105-9D33-8C68173459E9} = {A7174AE6-204A-4430-9ED9-10E5A24A355F}
		{3DA47971-DF62-43F1-9206-8279E9CEA4AD} = {A7174AE6-204A-4430-9ED9-10E5A24A355F}
		{A028F94B-98D3-4692-954C-608746A18D3D} = {A7174AE6-204A-4430-9ED9-10E5A24A355F}
		{0A513C73-AC69-442B-A8B3-B975093223F0} = {F0FCCEBA-0615-49C8-B0E8-3CDB2A98F671}
		{5626B30E-7D2A-4BC0-BB73-7DAFF1B7DBDC} = {F0FCCEBA-0615-49C8-B0E8-3CDB2A98F671}
		{114E5210-CF5A-4A0A-AC47-A47AA6006AAB} = {F0FCCEBA-0615-49C8-B0E8-3CDB2A98F671}
		{57C0F6CD-3D2D-42CF-8DF5-8F847072675C} = {6041F9F8-32E4-473A-80CD-BD0B426D665E}
		{92609142-CD7D-4243-8226-09CAA8DA4BF9} = {6041F9F8-32E4-473A-80CD-BD0B426D665E}
		{6C28E17E-68F0-4337-A31C-278813F1FBA1} = {6041F9F8-32E4-473A-80CD-BD0B426D665E}
		{86606017-686E-4737-BC76-CE2EA448E58D} = {EB9E6053-ACAF-453B-BA78-13259D304464}
		{915F9A73-A6BE-4368-BCA8-53D0817A737D} = {EB9E6053-ACAF-453B-BA78-13259D304464}
		{C6AF5B1A-E3BA-442A-9793-BCF334FB0A8F} = {EB9E6053-ACAF-453B-BA78-13259D304464}
		{EDA8C848-38CF-43D3-A7A9-112F086E0777} = {3A6E0A59-6874-4AE1-A684-CD3424A7F86C}
		{37B4E6B3-0F61-4419-8A4B-EC3CEA5F3998} = {3A6E0A59-6874-4AE1-A684-CD3424A7F86C}
		{2FEFBEF4-70CB-4A72-B4C7-96585BA7E3A4} = {3A6E0A59-6874-4AE1-A684-CD3424A7F86C}
		{9B80FE5E-4312-4E80-A0E4-D26BAA358D84} = {E7CCC803-53AA-4D67-A85B-2B1F29E377EA}
		{19C26373-FC1B-4623-8678-83BE4F0550B4} = {E7CCC803-53AA-4D67-A85B-2B1F29E377EA}
		{30247ACB-A06C-469B-8AE4-7B46A8FF6263} = {E7CCC803-53AA-4D67-A85B-2B1F29E377EA}
	EndGlobalSection
	GlobalSection(ExtensibilityGlobals) = postSolution
		SolutionGuid = {49C773A1-085E-41EA-B3C6-81B10050BE8A}
	EndGlobalSection
EndGlobal
